// !$*UTF8*$!
{
	archiveVersion = 1;
	classes = {
	};
	objectVersion = 46;
	objects = {

/* Begin PBXBuildFile section */
		2414ADED1EEE9DF700C49176 /* NISDK3.framework in Frameworks */ = {isa = PBXBuildFile; fileRef = 24A578451EDEC6EF0028FFDA /* NISDK3.framework */; };
		2414ADEE1EEE9DF700C49176 /* NISDK3.framework in Embed Frameworks */ = {isa = PBXBuildFile; fileRef = 24A578451EDEC6EF0028FFDA /* NISDK3.framework */; settings = {ATTRIBUTES = (CodeSignOnCopy, RemoveHeadersOnCopy, ); }; };
		244D61B81EF90FE2004137B9 /* Dummy.swift in Sources */ = {isa = PBXBuildFile; fileRef = 244D61B71EF90FE2004137B9 /* Dummy.swift */; };
		24A578331EDEC6E10028FFDA /* AppDelegate.swift in Sources */ = {isa = PBXBuildFile; fileRef = 24A578321EDEC6E10028FFDA /* AppDelegate.swift */; };
		24A578351EDEC6E10028FFDA /* ViewController.swift in Sources */ = {isa = PBXBuildFile; fileRef = 24A578341EDEC6E10028FFDA /* ViewController.swift */; };
		24A578381EDEC6E10028FFDA /* Main.storyboard in Resources */ = {isa = PBXBuildFile; fileRef = 24A578361EDEC6E10028FFDA /* Main.storyboard */; };
		24A5783A1EDEC6E10028FFDA /* Assets.xcassets in Resources */ = {isa = PBXBuildFile; fileRef = 24A578391EDEC6E10028FFDA /* Assets.xcassets */; };
		24A5783D1EDEC6E30028FFDA /* LaunchScreen.storyboard in Resources */ = {isa = PBXBuildFile; fileRef = 24A5783B1EDEC6E30028FFDA /* LaunchScreen.storyboard */; };
/* End PBXBuildFile section */

/* Begin PBXCopyFilesBuildPhase section */
		2414ADEF1EEE9DF700C49176 /* Embed Frameworks */ = {
			isa = PBXCopyFilesBuildPhase;
			buildActionMask = 2147483647;
			dstPath = "";
			dstSubfolderSpec = 10;
			files = (
				2414ADEE1EEE9DF700C49176 /* NISDK3.framework in Embed Frameworks */,
			);
			name = "Embed Frameworks";
			runOnlyForDeploymentPostprocessing = 0;
		};
/* End PBXCopyFilesBuildPhase section */

/* Begin PBXFileReference section */
		244D61B71EF90FE2004137B9 /* Dummy.swift */ = {isa = PBXFileReference; fileEncoding = 4; lastKnownFileType = sourcecode.swift; path = Dummy.swift; sourceTree = "<group>"; };
		24A5782F1EDEC6E10028FFDA /* Sample3.app */ = {isa = PBXFileReference; explicitFileType = wrapper.application; includeInIndex = 0; path = Sample3.app; sourceTree = BUILT_PRODUCTS_DIR; };
		24A578321EDEC6E10028FFDA /* AppDelegate.swift */ = {isa = PBXFileReference; lastKnownFileType = sourcecode.swift; path = AppDelegate.swift; sourceTree = "<group>"; };
		24A578341EDEC6E10028FFDA /* ViewController.swift */ = {isa = PBXFileReference; lastKnownFileType = sourcecode.swift; path = ViewController.swift; sourceTree = "<group>"; };
		24A578371EDEC6E10028FFDA /* Base */ = {isa = PBXFileReference; lastKnownFileType = file.storyboard; name = Base; path = Base.lproj/Main.storyboard; sourceTree = "<group>"; };
		24A578391EDEC6E10028FFDA /* Assets.xcassets */ = {isa = PBXFileReference; lastKnownFileType = folder.assetcatalog; path = Assets.xcassets; sourceTree = "<group>"; };
		24A5783C1EDEC6E30028FFDA /* Base */ = {isa = PBXFileReference; lastKnownFileType = file.storyboard; name = Base; path = Base.lproj/LaunchScreen.storyboard; sourceTree = "<group>"; };
		24A5783E1EDEC6E30028FFDA /* Info.plist */ = {isa = PBXFileReference; lastKnownFileType = text.plist.xml; path = Info.plist; sourceTree = "<group>"; };
		24A578451EDEC6EF0028FFDA /* NISDK3.framework */ = {isa = PBXFileReference; lastKnownFileType = wrapper.framework; name = NISDK3.framework; path = "../../../../../Users/aram/Library/Developer/Xcode/DerivedData/iOSSDK-aofxtptitecnvxavgoboogadhcgi/Build/Products/Debug-iphoneos/NISDK3.framework"; sourceTree = "<group>"; };
/* End PBXFileReference section */

/* Begin PBXFrameworksBuildPhase section */
		24A5782C1EDEC6E10028FFDA /* Frameworks */ = {
			isa = PBXFrameworksBuildPhase;
			buildActionMask = 2147483647;
			files = (
				2414ADED1EEE9DF700C49176 /* NISDK3.framework in Frameworks */,
			);
			runOnlyForDeploymentPostprocessing = 0;
		};
/* End PBXFrameworksBuildPhase section */

/* Begin PBXGroup section */
		24A578261EDEC6E00028FFDA = {
			isa = PBXGroup;
			children = (
				24A578311EDEC6E10028FFDA /* Sample3 */,
				24A578301EDEC6E10028FFDA /* Products */,
				24A578441EDEC6EF0028FFDA /* Frameworks */,
			);
			sourceTree = "<group>";
		};
		24A578301EDEC6E10028FFDA /* Products */ = {
			isa = PBXGroup;
			children = (
				24A5782F1EDEC6E10028FFDA /* Sample3.app */,
			);
			name = Products;
			sourceTree = "<group>";
		};
		24A578311EDEC6E10028FFDA /* Sample3 */ = {
			isa = PBXGroup;
			children = (
				24A578321EDEC6E10028FFDA /* AppDelegate.swift */,
				24A578341EDEC6E10028FFDA /* ViewController.swift */,
				24A578361EDEC6E10028FFDA /* Main.storyboard */,
				24A578391EDEC6E10028FFDA /* Assets.xcassets */,
				24A5783B1EDEC6E30028FFDA /* LaunchScreen.storyboard */,
				24A5783E1EDEC6E30028FFDA /* Info.plist */,
				244D61B71EF90FE2004137B9 /* Dummy.swift */,
			);
			path = Sample3;
			sourceTree = "<group>";
		};
		24A578441EDEC6EF0028FFDA /* Frameworks */ = {
			isa = PBXGroup;
			children = (
				24A578451EDEC6EF0028FFDA /* NISDK3.framework */,
			);
			name = Frameworks;
			sourceTree = "<group>";
		};
/* End PBXGroup section */

/* Begin PBXNativeTarget section */
		24A5782E1EDEC6E10028FFDA /* Sample3 */ = {
			isa = PBXNativeTarget;
			buildConfigurationList = 24A578411EDEC6E30028FFDA /* Build configuration list for PBXNativeTarget "Sample3" */;
			buildPhases = (
				24A5782B1EDEC6E10028FFDA /* Sources */,
				24A5782C1EDEC6E10028FFDA /* Frameworks */,
				24A5782D1EDEC6E10028FFDA /* Resources */,
				2414ADEF1EEE9DF700C49176 /* Embed Frameworks */,
			);
			buildRules = (
			);
			dependencies = (
			);
			name = Sample3;
			productName = Sample3;
			productReference = 24A5782F1EDEC6E10028FFDA /* Sample3.app */;
			productType = "com.apple.product-type.application";
		};
/* End PBXNativeTarget section */

/* Begin PBXProject section */
		24A578271EDEC6E00028FFDA /* Project object */ = {
			isa = PBXProject;
			attributes = {
				LastSwiftUpdateCheck = 0830;
				LastUpgradeCheck = 0830;
				ORGANIZATIONNAME = "Aram Moon";
				TargetAttributes = {
					24A5782E1EDEC6E10028FFDA = {
						CreatedOnToolsVersion = 8.3.2;
						DevelopmentTeam = K2APH36C6M;
						LastSwiftMigration = 0830;
						ProvisioningStyle = Automatic;
					};
				};
			};
			buildConfigurationList = 24A5782A1EDEC6E00028FFDA /* Build configuration list for PBXProject "Sample3" */;
			compatibilityVersion = "Xcode 3.2";
			developmentRegion = English;
			hasScannedForEncodings = 0;
			knownRegions = (
				en,
				Base,
			);
			mainGroup = 24A578261EDEC6E00028FFDA;
			productRefGroup = 24A578301EDEC6E10028FFDA /* Products */;
			projectDirPath = "";
			projectRoot = "";
			targets = (
				24A5782E1EDEC6E10028FFDA /* Sample3 */,
			);
		};
/* End PBXProject section */

/* Begin PBXResourcesBuildPhase section */
		24A5782D1EDEC6E10028FFDA /* Resources */ = {
			isa = PBXResourcesBuildPhase;
			buildActionMask = 2147483647;
			files = (
				24A5783D1EDEC6E30028FFDA /* LaunchScreen.storyboard in Resources */,
				24A5783A1EDEC6E10028FFDA /* Assets.xcassets in Resources */,
				24A578381EDEC6E10028FFDA /* Main.storyboard in Resources */,
			);
			runOnlyForDeploymentPostprocessing = 0;
		};
/* End PBXResourcesBuildPhase section */

/* Begin PBXSourcesBuildPhase section */
		24A5782B1EDEC6E10028FFDA /* Sources */ = {
			isa = PBXSourcesBuildPhase;
			buildActionMask = 2147483647;
			files = (
				24A578351EDEC6E10028FFDA /* ViewController.swift in Sources */,
				244D61B81EF90FE2004137B9 /* Dummy.swift in Sources */,
				24A578331EDEC6E10028FFDA /* AppDelegate.swift in Sources */,
			);
			runOnlyForDeploymentPostprocessing = 0;
		};
/* End PBXSourcesBuildPhase section */

/* Begin PBXVariantGroup section */
		24A578361EDEC6E10028FFDA /* Main.storyboard */ = {
			isa = PBXVariantGroup;
			children = (
				24A578371EDEC6E10028FFDA /* Base */,
			);
			name = Main.storyboard;
			sourceTree = "<group>";
		};
		24A5783B1EDEC6E30028FFDA /* LaunchScreen.storyboard */ = {
			isa = PBXVariantGroup;
			children = (
				24A5783C1EDEC6E30028FFDA /* Base */,
			);
			name = LaunchScreen.storyboard;
			sourceTree = "<group>";
		};
/* End PBXVariantGroup section */

/* Begin XCBuildConfiguration section */
		24A5783F1EDEC6E30028FFDA /* Debug */ = {
			isa = XCBuildConfiguration;
			buildSettings = {
				ALWAYS_SEARCH_USER_PATHS = NO;
				CLANG_ANALYZER_NONNULL = YES;
				CLANG_ANALYZER_NUMBER_OBJECT_CONVERSION = YES_AGGRESSIVE;
				CLANG_CXX_LANGUAGE_STANDARD = "gnu++0x";
				CLANG_CXX_LIBRARY = "libc++";
				CLANG_ENABLE_MODULES = YES;
				CLANG_ENABLE_OBJC_ARC = YES;
				CLANG_WARN_BOOL_CONVERSION = YES;
				CLANG_WARN_CONSTANT_CONVERSION = YES;
				CLANG_WARN_DIRECT_OBJC_ISA_USAGE = YES_ERROR;
				CLANG_WARN_DOCUMENTATION_COMMENTS = YES;
				CLANG_WARN_EMPTY_BODY = YES;
				CLANG_WARN_ENUM_CONVERSION = YES;
				CLANG_WARN_INFINITE_RECURSION = YES;
				CLANG_WARN_INT_CONVERSION = YES;
				CLANG_WARN_OBJC_ROOT_CLASS = YES_ERROR;
				CLANG_WARN_SUSPICIOUS_MOVE = YES;
				CLANG_WARN_UNREACHABLE_CODE = YES;
				CLANG_WARN__DUPLICATE_METHOD_MATCH = YES;
				"CODE_SIGN_IDENTITY[sdk=iphoneos*]" = "iPhone Developer";
				COPY_PHASE_STRIP = NO;
				DEBUG_INFORMATION_FORMAT = dwarf;
				ENABLE_STRICT_OBJC_MSGSEND = YES;
				ENABLE_TESTABILITY = YES;
				GCC_C_LANGUAGE_STANDARD = gnu99;
				GCC_DYNAMIC_NO_PIC = NO;
				GCC_NO_COMMON_BLOCKS = YES;
				GCC_OPTIMIZATION_LEVEL = 0;
				GCC_PREPROCESSOR_DEFINITIONS = (
					"DEBUG=1",
					"$(inherited)",
				);
				GCC_WARN_64_TO_32_BIT_CONVERSION = YES;
				GCC_WARN_ABOUT_RETURN_TYPE = YES_ERROR;
				GCC_WARN_UNDECLARED_SELECTOR = YES;
				GCC_WARN_UNINITIALIZED_AUTOS = YES_AGGRESSIVE;
				GCC_WARN_UNUSED_FUNCTION = YES;
				GCC_WARN_UNUSED_VARIABLE = YES;
				IPHONEOS_DEPLOYMENT_TARGET = 10.3;
				MTL_ENABLE_DEBUG_INFO = YES;
				ONLY_ACTIVE_ARCH = YES;
				SDKROOT = iphoneos;
				SWIFT_ACTIVE_COMPILATION_CONDITIONS = DEBUG;
				SWIFT_OPTIMIZATION_LEVEL = "-Onone";
				TARGETED_DEVICE_FAMILY = "1,2";
			};
			name = Debug;
		};
		24A578401EDEC6E30028FFDA /* Release */ = {
			isa = XCBuildConfiguration;
			buildSettings = {
				ALWAYS_SEARCH_USER_PATHS = NO;
				CLANG_ANALYZER_NONNULL = YES;
				CLANG_ANALYZER_NUMBER_OBJECT_CONVERSION = YES_AGGRESSIVE;
				CLANG_CXX_LANGUAGE_STANDARD = "gnu++0x";
				CLANG_CXX_LIBRARY = "libc++";
				CLANG_ENABLE_MODULES = YES;
				CLANG_ENABLE_OBJC_ARC = YES;
				CLANG_WARN_BOOL_CONVERSION = YES;
				CLANG_WARN_CONSTANT_CONVERSION = YES;
				CLANG_WARN_DIRECT_OBJC_ISA_USAGE = YES_ERROR;
				CLANG_WARN_DOCUMENTATION_COMMENTS = YES;
				CLANG_WARN_EMPTY_BODY = YES;
				CLANG_WARN_ENUM_CONVERSION = YES;
				CLANG_WARN_INFINITE_RECURSION = YES;
				CLANG_WARN_INT_CONVERSION = YES;
				CLANG_WARN_OBJC_ROOT_CLASS = YES_ERROR;
				CLANG_WARN_SUSPICIOUS_MOVE = YES;
				CLANG_WARN_UNREACHABLE_CODE = YES;
				CLANG_WARN__DUPLICATE_METHOD_MATCH = YES;
				"CODE_SIGN_IDENTITY[sdk=iphoneos*]" = "iPhone Developer";
				COPY_PHASE_STRIP = NO;
				DEBUG_INFORMATION_FORMAT = "dwarf-with-dsym";
				ENABLE_NS_ASSERTIONS = NO;
				ENABLE_STRICT_OBJC_MSGSEND = YES;
				GCC_C_LANGUAGE_STANDARD = gnu99;
				GCC_NO_COMMON_BLOCKS = YES;
				GCC_WARN_64_TO_32_BIT_CONVERSION = YES;
				GCC_WARN_ABOUT_RETURN_TYPE = YES_ERROR;
				GCC_WARN_UNDECLARED_SELECTOR = YES;
				GCC_WARN_UNINITIALIZED_AUTOS = YES_AGGRESSIVE;
				GCC_WARN_UNUSED_FUNCTION = YES;
				GCC_WARN_UNUSED_VARIABLE = YES;
				IPHONEOS_DEPLOYMENT_TARGET = 10.3;
				MTL_ENABLE_DEBUG_INFO = NO;
				SDKROOT = iphoneos;
				SWIFT_OPTIMIZATION_LEVEL = "-Owholemodule";
				TARGETED_DEVICE_FAMILY = "1,2";
				VALIDATE_PRODUCT = YES;
			};
			name = Release;
		};
		24A578421EDEC6E30028FFDA /* Debug */ = {
			isa = XCBuildConfiguration;
			buildSettings = {
				ASSETCATALOG_COMPILER_APPICON_NAME = AppIcon;
				DEVELOPMENT_TEAM = K2APH36C6M;
				INFOPLIST_FILE = Sample3/Info.plist;
				IPHONEOS_DEPLOYMENT_TARGET = 8.0;
				LD_RUNPATH_SEARCH_PATHS = "$(inherited) @executable_path/Frameworks";
				PRODUCT_BUNDLE_IDENTIFIER = com.neolab.Sample3;
				PRODUCT_NAME = "$(TARGET_NAME)";
				SWIFT_VERSION = 3.0;
			};
			name = Debug;
		};
		24A578431EDEC6E30028FFDA /* Release */ = {
			isa = XCBuildConfiguration;
			buildSettings = {
				ASSETCATALOG_COMPILER_APPICON_NAME = AppIcon;
				DEVELOPMENT_TEAM = K2APH36C6M;
				INFOPLIST_FILE = Sample3/Info.plist;
				IPHONEOS_DEPLOYMENT_TARGET = 8.0;
				LD_RUNPATH_SEARCH_PATHS = "$(inherited) @executable_path/Frameworks";
				PRODUCT_BUNDLE_IDENTIFIER = com.neolab.Sample3;
				PRODUCT_NAME = "$(TARGET_NAME)";
				SWIFT_VERSION = 3.0;
			};
			name = Release;
		};
/* End XCBuildConfiguration section */

/* Begin XCConfigurationList section */
		24A5782A1EDEC6E00028FFDA /* Build configuration list for PBXProject "Sample3" */ = {
			isa = XCConfigurationList;
			buildConfigurations = (
				24A5783F1EDEC6E30028FFDA /* Debug */,
				24A578401EDEC6E30028FFDA /* Release */,
			);
			defaultConfigurationIsVisible = 0;
			defaultConfigurationName = Release;
		};
		24A578411EDEC6E30028FFDA /* Build configuration list for PBXNativeTarget "Sample3" */ = {
			isa = XCConfigurationList;
			buildConfigurations = (
				24A578421EDEC6E30028FFDA /* Debug */,
				24A578431EDEC6E30028FFDA /* Release */,
			);
			defaultConfigurationIsVisible = 0;
			defaultConfigurationName = Release;
		};
/* End XCConfigurationList section */
	};
	rootObject = 24A578271EDEC6E00028FFDA /* Project object */;
}
